{
  "pins" : [
    {
      "identity" : "alamofire",
      "kind" : "remoteSourceControl",
      "location" : "https://github.com/Alamofire/Alamofire.git",
      "state" : {
        "revision" : "bc268c28fb170f494de9e9927c371b8342979ece",
        "version" : "5.7.1"
      }
    },
    {
      "identity" : "charts",
      "kind" : "remoteSourceControl",
      "location" : "https://github.com/danielgindi/Charts.git",
      "state" : {
        "revision" : "0a229f8c914b0ec93798cee058cf75b339297513",
        "version" : "5.0.0"
      }
    },
    {
      "identity" : "swiftuicharts",
      "kind" : "remoteSourceControl",
      "location" : "https://github.com/willdale/SwiftUICharts.git",
      "state" : {
        "revision" : "53a3a2f16730af6709283f83a9dc75a3dde252ff",
        "version" : "2.10.2"
      }
    }
  ],
  "version" : 2
}
