// !$*UTF8*$!
{
	archiveVersion = 1;
	classes = {
	};
	objectVersion = 56;
	objects = {

/* Begin PBXBuildFile section */
		1900D43F2A431D38009EF595 /* pushupScreen.swift in Sources */ = {isa = PBXBuildFile; fileRef = 1900D43E2A431D38009EF595 /* pushupScreen.swift */; };
		1900D4442A432B5B009EF595 /* ShoulderScreen.swift in Sources */ = {isa = PBXBuildFile; fileRef = 1900D4432A432B5B009EF595 /* ShoulderScreen.swift */; };
		190D14D72A4C334500B5EC09 /* SwiftUICharts in Frameworks */ = {isa = PBXBuildFile; productRef = 190D14D62A4C334500B5EC09 /* SwiftUICharts */; };
		1913A2192A5F8F360092F12A /* TritsScreen.swift in Sources */ = {isa = PBXBuildFile; fileRef = 1913A2182A5F8F360092F12A /* TritsScreen.swift */; };
		1913A21B2A5F90C70092F12A /* francezhimgan.swift in Sources */ = {isa = PBXBuildFile; fileRef = 1913A21A2A5F90C70092F12A /* francezhimgan.swift */; };
		1913A21D2A5F93510092F12A /* franceZhimGrif.swift in Sources */ = {isa = PBXBuildFile; fileRef = 1913A21C2A5F93510092F12A /* franceZhimGrif.swift */; };
		1913A21F2A5F96450092F12A /* RazgipBlok.swift in Sources */ = {isa = PBXBuildFile; fileRef = 1913A21E2A5F96450092F12A /* RazgipBlok.swift */; };
		1913A2212A5F9C750092F12A /* IzzaHead.swift in Sources */ = {isa = PBXBuildFile; fileRef = 1913A2202A5F9C750092F12A /* IzzaHead.swift */; };
		1913A2232A5F9F6C0092F12A /* RazgipvN.swift in Sources */ = {isa = PBXBuildFile; fileRef = 1913A2222A5F9F6C0092F12A /* RazgipvN.swift */; };
		1913A2252A5FA2AD0092F12A /* ObrPush.swift in Sources */ = {isa = PBXBuildFile; fileRef = 1913A2242A5FA2AD0092F12A /* ObrPush.swift */; };
		1913A2272A5FA59B0092F12A /* IzzaheadGan.swift in Sources */ = {isa = PBXBuildFile; fileRef = 1913A2262A5FA59B0092F12A /* IzzaheadGan.swift */; };
		19185E882A5E9BE200AD72F4 /* brusia.swift in Sources */ = {isa = PBXBuildFile; fileRef = 19185E872A5E9BE200AD72F4 /* brusia.swift */; };
		19185E8A2A5E9FED00AD72F4 /* shimSkam.swift in Sources */ = {isa = PBXBuildFile; fileRef = 19185E892A5E9FED00AD72F4 /* shimSkam.swift */; };
		19185E8C2A5EA44500AD72F4 /* armZhim.swift in Sources */ = {isa = PBXBuildFile; fileRef = 19185E8B2A5EA44500AD72F4 /* armZhim.swift */; };
		19185E8E2A5EA99700AD72F4 /* tyagagan.swift in Sources */ = {isa = PBXBuildFile; fileRef = 19185E8D2A5EA99700AD72F4 /* tyagagan.swift */; };
		192D84552A459A6A009B2101 /* LegsScreen.swift in Sources */ = {isa = PBXBuildFile; fileRef = 192D84542A459A6A009B2101 /* LegsScreen.swift */; };
		192D84572A459CFA009B2101 /* JimnogScreen.swift in Sources */ = {isa = PBXBuildFile; fileRef = 192D84562A459CFA009B2101 /* JimnogScreen.swift */; };
		192D84592A459F38009B2101 /* jimSmitaScreen.swift in Sources */ = {isa = PBXBuildFile; fileRef = 192D84582A459F38009B2101 /* jimSmitaScreen.swift */; };
		192D845B2A45A594009B2101 /* SvednogScreen.swift in Sources */ = {isa = PBXBuildFile; fileRef = 192D845A2A45A594009B2101 /* SvednogScreen.swift */; };
		192D845D2A45ACEA009B2101 /* VypadyvpScreen.swift in Sources */ = {isa = PBXBuildFile; fileRef = 192D845C2A45ACEA009B2101 /* VypadyvpScreen.swift */; };
		192D845F2A45B34D009B2101 /* noskiExample.swift in Sources */ = {isa = PBXBuildFile; fileRef = 192D845E2A45B34D009B2101 /* noskiExample.swift */; };
		192D84682A49713A009B2101 /* Alamofire in Frameworks */ = {isa = PBXBuildFile; productRef = 192D84672A49713A009B2101 /* Alamofire */; };
		194FBC7D2A319626007F3FF3 /* AIFitApp.swift in Sources */ = {isa = PBXBuildFile; fileRef = 194FBC7C2A319626007F3FF3 /* AIFitApp.swift */; };
		194FBC7F2A319626007F3FF3 /* ContentView.swift in Sources */ = {isa = PBXBuildFile; fileRef = 194FBC7E2A319626007F3FF3 /* ContentView.swift */; };
		194FBC812A319628007F3FF3 /* Assets.xcassets in Resources */ = {isa = PBXBuildFile; fileRef = 194FBC802A319628007F3FF3 /* Assets.xcassets */; };
		194FBC842A319628007F3FF3 /* Preview Assets.xcassets in Resources */ = {isa = PBXBuildFile; fileRef = 194FBC832A319628007F3FF3 /* Preview Assets.xcassets */; };
		194FBC8E2A319628007F3FF3 /* AIFitTests.swift in Sources */ = {isa = PBXBuildFile; fileRef = 194FBC8D2A319628007F3FF3 /* AIFitTests.swift */; };
		194FBC982A319628007F3FF3 /* AIFitUITests.swift in Sources */ = {isa = PBXBuildFile; fileRef = 194FBC972A319628007F3FF3 /* AIFitUITests.swift */; };
		194FBC9A2A319628007F3FF3 /* AIFitUITestsLaunchTests.swift in Sources */ = {isa = PBXBuildFile; fileRef = 194FBC992A319628007F3FF3 /* AIFitUITestsLaunchTests.swift */; };
		194FBCA72A319DA5007F3FF3 /* MainPage.swift in Sources */ = {isa = PBXBuildFile; fileRef = 194FBCA62A319DA5007F3FF3 /* MainPage.swift */; };
		194FBCAB2A31BA3A007F3FF3 /* ChatScreen.swift in Sources */ = {isa = PBXBuildFile; fileRef = 194FBCAA2A31BA3A007F3FF3 /* ChatScreen.swift */; };
		194FBCB32A32D7F2007F3FF3 /* ExercisesScreen.swift in Sources */ = {isa = PBXBuildFile; fileRef = 194FBCB22A32D7F1007F3FF3 /* ExercisesScreen.swift */; };
		1956121E2A6809E2008DA8D1 /* NotificationHandler.swift in Sources */ = {isa = PBXBuildFile; fileRef = 1956121D2A6809E2008DA8D1 /* NotificationHandler.swift */; };
		195858702A5C2D2200A10E4D /* ResizableTextView.swift in Sources */ = {isa = PBXBuildFile; fileRef = 1958586F2A5C2D2200A10E4D /* ResizableTextView.swift */; };
		195858722A5C302E00A10E4D /* Message.swift in Sources */ = {isa = PBXBuildFile; fileRef = 195858712A5C302E00A10E4D /* Message.swift */; };
		195858742A5C324400A10E4D /* MessageView.swift in Sources */ = {isa = PBXBuildFile; fileRef = 195858732A5C324400A10E4D /* MessageView.swift */; };
		195858762A5C325200A10E4D /* User.swift in Sources */ = {isa = PBXBuildFile; fileRef = 195858752A5C325200A10E4D /* User.swift */; };
		195858782A5C327900A10E4D /* ContentMessageView.swift in Sources */ = {isa = PBXBuildFile; fileRef = 195858772A5C327900A10E4D /* ContentMessageView.swift */; };
		1958587A2A5C329600A10E4D /* ViewExtension.swift in Sources */ = {isa = PBXBuildFile; fileRef = 195858792A5C329500A10E4D /* ViewExtension.swift */; };
		1958587C2A5C32C700A10E4D /* KeyboardResponder.swift in Sources */ = {isa = PBXBuildFile; fileRef = 1958587B2A5C32C700A10E4D /* KeyboardResponder.swift */; };
		1958587E2A5C32DA00A10E4D /* ChatHelper.swift in Sources */ = {isa = PBXBuildFile; fileRef = 1958587D2A5C32DA00A10E4D /* ChatHelper.swift */; };
		19637CEB2A70A95800A18927 /* SimpleToDoModel.xcdatamodeld in Sources */ = {isa = PBXBuildFile; fileRef = 19637CE92A70A95800A18927 /* SimpleToDoModel.xcdatamodeld */; };
		19637CEE2A70AA1800A18927 /* CoreDataManager.swift in Sources */ = {isa = PBXBuildFile; fileRef = 19637CED2A70AA1800A18927 /* CoreDataManager.swift */; };
		19637CF02A70AB2500A18927 /* SimpleToDoView.swift in Sources */ = {isa = PBXBuildFile; fileRef = 19637CEF2A70AB2500A18927 /* SimpleToDoView.swift */; };
		197B02BB2A5ECE1F00524BB2 /* mahiVpered.swift in Sources */ = {isa = PBXBuildFile; fileRef = 197B02BA2A5ECE1F00524BB2 /* mahiVpered.swift */; };
		197B02BD2A5ED0FD00524BB2 /* shragaZad.swift in Sources */ = {isa = PBXBuildFile; fileRef = 197B02BC2A5ED0FD00524BB2 /* shragaZad.swift */; };
		197B02BF2A5ED51500524BB2 /* sgipBlok.swift in Sources */ = {isa = PBXBuildFile; fileRef = 197B02BE2A5ED51400524BB2 /* sgipBlok.swift */; };
		197B02C12A5ED91100524BB2 /* sgipSkot.swift in Sources */ = {isa = PBXBuildFile; fileRef = 197B02C02A5ED91100524BB2 /* sgipSkot.swift */; };
		197B02C32A5EDEE000524BB2 /* Jeff.swift in Sources */ = {isa = PBXBuildFile; fileRef = 197B02C22A5EDEE000524BB2 /* Jeff.swift */; };
		197B02C52A5EE0B800524BB2 /* SmithPrised.swift in Sources */ = {isa = PBXBuildFile; fileRef = 197B02C42A5EE0B800524BB2 /* SmithPrised.swift */; };
		1985974F2A43019600100244 /* svrukScreen.swift in Sources */ = {isa = PBXBuildFile; fileRef = 1985974E2A43019600100244 /* svrukScreen.swift */; };
		198597512A43110B00100244 /* jimlezhaScreen.swift in Sources */ = {isa = PBXBuildFile; fileRef = 198597502A43110B00100244 /* jimlezhaScreen.swift */; };
		19AE6DC82A4461FC00D027D6 /* arnoldScreen.swift in Sources */ = {isa = PBXBuildFile; fileRef = 19AE6DC72A4461FC00D027D6 /* arnoldScreen.swift */; };
		19AE6DCA2A44665800D027D6 /* mahiScreen.swift in Sources */ = {isa = PBXBuildFile; fileRef = 19AE6DC92A44665800D027D6 /* mahiScreen.swift */; };
		19AE6DCC2A447A9D00D027D6 /* tyagashScreen.swift in Sources */ = {isa = PBXBuildFile; fileRef = 19AE6DCB2A447A9D00D027D6 /* tyagashScreen.swift */; };
		19AE6DCE2A447ECA00D027D6 /* otvrukScreen.swift in Sources */ = {isa = PBXBuildFile; fileRef = 19AE6DCD2A447ECA00D027D6 /* otvrukScreen.swift */; };
		19AE6DD12A44813500D027D6 /* BackScreen.swift in Sources */ = {isa = PBXBuildFile; fileRef = 19AE6DD02A44813500D027D6 /* BackScreen.swift */; };
		19AE6DD32A4483A400D027D6 /* PodtyagivanieScreen.swift in Sources */ = {isa = PBXBuildFile; fileRef = 19AE6DD22A4483A400D027D6 /* PodtyagivanieScreen.swift */; };
		19AE6DD52A4485B400D027D6 /* PulspinScreen.swift in Sources */ = {isa = PBXBuildFile; fileRef = 19AE6DD42A4485B400D027D6 /* PulspinScreen.swift */; };
		19AE6DD72A448C3800D027D6 /* TyagaSpinScreen.swift in Sources */ = {isa = PBXBuildFile; fileRef = 19AE6DD62A448C3800D027D6 /* TyagaSpinScreen.swift */; };
		19AE6DD92A44969600D027D6 /* shragiScreen.swift in Sources */ = {isa = PBXBuildFile; fileRef = 19AE6DD82A44969600D027D6 /* shragiScreen.swift */; };
		19AE6DDB2A452A2600D027D6 /* tyagaHighBlockScreen.swift in Sources */ = {isa = PBXBuildFile; fileRef = 19AE6DDA2A452A2600D027D6 /* tyagaHighBlockScreen.swift */; };
		19AE6DE02A45319F00D027D6 /* BicepsScreen.swift in Sources */ = {isa = PBXBuildFile; fileRef = 19AE6DDF2A45319E00D027D6 /* BicepsScreen.swift */; };
		19AE6DE22A4532D200D027D6 /* ZottmanScreen.swift in Sources */ = {isa = PBXBuildFile; fileRef = 19AE6DE12A4532D200D027D6 /* ZottmanScreen.swift */; };
		19AE6DE42A45372B00D027D6 /* MolotScreen.swift in Sources */ = {isa = PBXBuildFile; fileRef = 19AE6DE32A45372B00D027D6 /* MolotScreen.swift */; };
		19AE6DE62A45399E00D027D6 /* SgipshScreen.swift in Sources */ = {isa = PBXBuildFile; fileRef = 19AE6DE52A45399E00D027D6 /* SgipshScreen.swift */; };
		19AE6DE82A453BF400D027D6 /* SgipBlockScreen.swift in Sources */ = {isa = PBXBuildFile; fileRef = 19AE6DE72A453BF400D027D6 /* SgipBlockScreen.swift */; };
		19AE6DEA2A453EFC00D027D6 /* SgipSidyaScreen.swift in Sources */ = {isa = PBXBuildFile; fileRef = 19AE6DE92A453EFC00D027D6 /* SgipSidyaScreen.swift */; };
		19D383482A5A8DF700162925 /* ChallengesPage.swift in Sources */ = {isa = PBXBuildFile; fileRef = 19D383472A5A8DF600162925 /* ChallengesPage.swift */; };
		19E5F9912A434C9200294996 /* jimganScreen.swift in Sources */ = {isa = PBXBuildFile; fileRef = 19E5F9902A434C9200294996 /* jimganScreen.swift */; };
		19FBD3CF2A41AE6A00A17A96 /* ChestScreen.swift in Sources */ = {isa = PBXBuildFile; fileRef = 19FBD3CE2A41AE6A00A17A96 /* ChestScreen.swift */; };
		19FBD3D12A41CE8200A17A96 /* SwendScreen.swift in Sources */ = {isa = PBXBuildFile; fileRef = 19FBD3D02A41CE8200A17A96 /* SwendScreen.swift */; };
		19FBD3D32A41D93400A17A96 /* HammScreen.swift in Sources */ = {isa = PBXBuildFile; fileRef = 19FBD3D22A41D93400A17A96 /* HammScreen.swift */; };
/* End PBXBuildFile section */

/* Begin PBXContainerItemProxy section */
		194FBC8A2A319628007F3FF3 /* PBXContainerItemProxy */ = {
			isa = PBXContainerItemProxy;
			containerPortal = 194FBC712A319626007F3FF3 /* Project object */;
			proxyType = 1;
			remoteGlobalIDString = 194FBC782A319626007F3FF3;
			remoteInfo = AIFit;
		};
		194FBC942A319628007F3FF3 /* PBXContainerItemProxy */ = {
			isa = PBXContainerItemProxy;
			containerPortal = 194FBC712A319626007F3FF3 /* Project object */;
			proxyType = 1;
			remoteGlobalIDString = 194FBC782A319626007F3FF3;
			remoteInfo = AIFit;
		};
/* End PBXContainerItemProxy section */

/* Begin PBXFileReference section */
		1900D43E2A431D38009EF595 /* pushupScreen.swift */ = {isa = PBXFileReference; lastKnownFileType = sourcecode.swift; path = pushupScreen.swift; sourceTree = "<group>"; };
		1900D4432A432B5B009EF595 /* ShoulderScreen.swift */ = {isa = PBXFileReference; lastKnownFileType = sourcecode.swift; path = ShoulderScreen.swift; sourceTree = "<group>"; };
		1913A2182A5F8F360092F12A /* TritsScreen.swift */ = {isa = PBXFileReference; lastKnownFileType = sourcecode.swift; path = TritsScreen.swift; sourceTree = "<group>"; };
		1913A21A2A5F90C70092F12A /* francezhimgan.swift */ = {isa = PBXFileReference; lastKnownFileType = sourcecode.swift; path = francezhimgan.swift; sourceTree = "<group>"; };
		1913A21C2A5F93510092F12A /* franceZhimGrif.swift */ = {isa = PBXFileReference; lastKnownFileType = sourcecode.swift; path = franceZhimGrif.swift; sourceTree = "<group>"; };
		1913A21E2A5F96450092F12A /* RazgipBlok.swift */ = {isa = PBXFileReference; lastKnownFileType = sourcecode.swift; path = RazgipBlok.swift; sourceTree = "<group>"; };
		1913A2202A5F9C750092F12A /* IzzaHead.swift */ = {isa = PBXFileReference; lastKnownFileType = sourcecode.swift; path = IzzaHead.swift; sourceTree = "<group>"; };
		1913A2222A5F9F6C0092F12A /* RazgipvN.swift */ = {isa = PBXFileReference; lastKnownFileType = sourcecode.swift; path = RazgipvN.swift; sourceTree = "<group>"; };
		1913A2242A5FA2AD0092F12A /* ObrPush.swift */ = {isa = PBXFileReference; lastKnownFileType = sourcecode.swift; path = ObrPush.swift; sourceTree = "<group>"; };
		1913A2262A5FA59B0092F12A /* IzzaheadGan.swift */ = {isa = PBXFileReference; lastKnownFileType = sourcecode.swift; path = IzzaheadGan.swift; sourceTree = "<group>"; };
		19185E872A5E9BE200AD72F4 /* brusia.swift */ = {isa = PBXFileReference; lastKnownFileType = sourcecode.swift; path = brusia.swift; sourceTree = "<group>"; };
		19185E892A5E9FED00AD72F4 /* shimSkam.swift */ = {isa = PBXFileReference; lastKnownFileType = sourcecode.swift; path = shimSkam.swift; sourceTree = "<group>"; };
		19185E8B2A5EA44500AD72F4 /* armZhim.swift */ = {isa = PBXFileReference; lastKnownFileType = sourcecode.swift; path = armZhim.swift; sourceTree = "<group>"; };
		19185E8D2A5EA99700AD72F4 /* tyagagan.swift */ = {isa = PBXFileReference; lastKnownFileType = sourcecode.swift; path = tyagagan.swift; sourceTree = "<group>"; };
		192D84542A459A6A009B2101 /* LegsScreen.swift */ = {isa = PBXFileReference; lastKnownFileType = sourcecode.swift; path = LegsScreen.swift; sourceTree = "<group>"; };
		192D84562A459CFA009B2101 /* JimnogScreen.swift */ = {isa = PBXFileReference; lastKnownFileType = sourcecode.swift; path = JimnogScreen.swift; sourceTree = "<group>"; };
		192D84582A459F38009B2101 /* jimSmitaScreen.swift */ = {isa = PBXFileReference; lastKnownFileType = sourcecode.swift; path = jimSmitaScreen.swift; sourceTree = "<group>"; };
		192D845A2A45A594009B2101 /* SvednogScreen.swift */ = {isa = PBXFileReference; lastKnownFileType = sourcecode.swift; path = SvednogScreen.swift; sourceTree = "<group>"; };
		192D845C2A45ACEA009B2101 /* VypadyvpScreen.swift */ = {isa = PBXFileReference; lastKnownFileType = sourcecode.swift; path = VypadyvpScreen.swift; sourceTree = "<group>"; };
		192D845E2A45B34D009B2101 /* noskiExample.swift */ = {isa = PBXFileReference; lastKnownFileType = sourcecode.swift; path = noskiExample.swift; sourceTree = "<group>"; };
		194FBC792A319626007F3FF3 /* AIFit.app */ = {isa = PBXFileReference; explicitFileType = wrapper.application; includeInIndex = 0; path = AIFit.app; sourceTree = BUILT_PRODUCTS_DIR; };
		194FBC7C2A319626007F3FF3 /* AIFitApp.swift */ = {isa = PBXFileReference; lastKnownFileType = sourcecode.swift; path = AIFitApp.swift; sourceTree = "<group>"; };
		194FBC7E2A319626007F3FF3 /* ContentView.swift */ = {isa = PBXFileReference; lastKnownFileType = sourcecode.swift; path = ContentView.swift; sourceTree = "<group>"; };
		194FBC802A319628007F3FF3 /* Assets.xcassets */ = {isa = PBXFileReference; lastKnownFileType = folder.assetcatalog; path = Assets.xcassets; sourceTree = "<group>"; };
		194FBC832A319628007F3FF3 /* Preview Assets.xcassets */ = {isa = PBXFileReference; lastKnownFileType = folder.assetcatalog; path = "Preview Assets.xcassets"; sourceTree = "<group>"; };
		194FBC892A319628007F3FF3 /* AIFitTests.xctest */ = {isa = PBXFileReference; explicitFileType = wrapper.cfbundle; includeInIndex = 0; path = AIFitTests.xctest; sourceTree = BUILT_PRODUCTS_DIR; };
		194FBC8D2A319628007F3FF3 /* AIFitTests.swift */ = {isa = PBXFileReference; lastKnownFileType = sourcecode.swift; path = AIFitTests.swift; sourceTree = "<group>"; };
		194FBC932A319628007F3FF3 /* AIFitUITests.xctest */ = {isa = PBXFileReference; explicitFileType = wrapper.cfbundle; includeInIndex = 0; path = AIFitUITests.xctest; sourceTree = BUILT_PRODUCTS_DIR; };
		194FBC972A319628007F3FF3 /* AIFitUITests.swift */ = {isa = PBXFileReference; lastKnownFileType = sourcecode.swift; path = AIFitUITests.swift; sourceTree = "<group>"; };
		194FBC992A319628007F3FF3 /* AIFitUITestsLaunchTests.swift */ = {isa = PBXFileReference; lastKnownFileType = sourcecode.swift; path = AIFitUITestsLaunchTests.swift; sourceTree = "<group>"; };
		194FBCA62A319DA5007F3FF3 /* MainPage.swift */ = {isa = PBXFileReference; lastKnownFileType = sourcecode.swift; path = MainPage.swift; sourceTree = "<group>"; };
		194FBCAA2A31BA3A007F3FF3 /* ChatScreen.swift */ = {isa = PBXFileReference; lastKnownFileType = sourcecode.swift; path = ChatScreen.swift; sourceTree = "<group>"; };
		194FBCB22A32D7F1007F3FF3 /* ExercisesScreen.swift */ = {isa = PBXFileReference; lastKnownFileType = sourcecode.swift; path = ExercisesScreen.swift; sourceTree = "<group>"; };
		1956121D2A6809E2008DA8D1 /* NotificationHandler.swift */ = {isa = PBXFileReference; lastKnownFileType = sourcecode.swift; path = NotificationHandler.swift; sourceTree = "<group>"; };
		1958586F2A5C2D2200A10E4D /* ResizableTextView.swift */ = {isa = PBXFileReference; lastKnownFileType = sourcecode.swift; path = ResizableTextView.swift; sourceTree = "<group>"; };
		195858712A5C302E00A10E4D /* Message.swift */ = {isa = PBXFileReference; lastKnownFileType = sourcecode.swift; path = Message.swift; sourceTree = "<group>"; };
		195858732A5C324400A10E4D /* MessageView.swift */ = {isa = PBXFileReference; lastKnownFileType = sourcecode.swift; path = MessageView.swift; sourceTree = "<group>"; };
		195858752A5C325200A10E4D /* User.swift */ = {isa = PBXFileReference; lastKnownFileType = sourcecode.swift; path = User.swift; sourceTree = "<group>"; };
		195858772A5C327900A10E4D /* ContentMessageView.swift */ = {isa = PBXFileReference; lastKnownFileType = sourcecode.swift; path = ContentMessageView.swift; sourceTree = "<group>"; };
		195858792A5C329500A10E4D /* ViewExtension.swift */ = {isa = PBXFileReference; lastKnownFileType = sourcecode.swift; path = ViewExtension.swift; sourceTree = "<group>"; };
		1958587B2A5C32C700A10E4D /* KeyboardResponder.swift */ = {isa = PBXFileReference; lastKnownFileType = sourcecode.swift; path = KeyboardResponder.swift; sourceTree = "<group>"; };
		1958587D2A5C32DA00A10E4D /* ChatHelper.swift */ = {isa = PBXFileReference; lastKnownFileType = sourcecode.swift; path = ChatHelper.swift; sourceTree = "<group>"; };
		19637CEA2A70A95800A18927 /* SimpleToDoModel.xcdatamodel */ = {isa = PBXFileReference; lastKnownFileType = wrapper.xcdatamodel; path = SimpleToDoModel.xcdatamodel; sourceTree = "<group>"; };
		19637CED2A70AA1800A18927 /* CoreDataManager.swift */ = {isa = PBXFileReference; lastKnownFileType = sourcecode.swift; path = CoreDataManager.swift; sourceTree = "<group>"; };
		19637CEF2A70AB2500A18927 /* SimpleToDoView.swift */ = {isa = PBXFileReference; lastKnownFileType = sourcecode.swift; path = SimpleToDoView.swift; sourceTree = "<group>"; };
		197B02BA2A5ECE1F00524BB2 /* mahiVpered.swift */ = {isa = PBXFileReference; lastKnownFileType = sourcecode.swift; path = mahiVpered.swift; sourceTree = "<group>"; };
		197B02BC2A5ED0FD00524BB2 /* shragaZad.swift */ = {isa = PBXFileReference; lastKnownFileType = sourcecode.swift; path = shragaZad.swift; sourceTree = "<group>"; };
		197B02BE2A5ED51400524BB2 /* sgipBlok.swift */ = {isa = PBXFileReference; lastKnownFileType = sourcecode.swift; path = sgipBlok.swift; sourceTree = "<group>"; };
		197B02C02A5ED91100524BB2 /* sgipSkot.swift */ = {isa = PBXFileReference; lastKnownFileType = sourcecode.swift; path = sgipSkot.swift; sourceTree = "<group>"; };
		197B02C22A5EDEE000524BB2 /* Jeff.swift */ = {isa = PBXFileReference; lastKnownFileType = sourcecode.swift; path = Jeff.swift; sourceTree = "<group>"; };
		197B02C42A5EE0B800524BB2 /* SmithPrised.swift */ = {isa = PBXFileReference; lastKnownFileType = sourcecode.swift; path = SmithPrised.swift; sourceTree = "<group>"; };
		1985974E2A43019600100244 /* svrukScreen.swift */ = {isa = PBXFileReference; lastKnownFileType = sourcecode.swift; path = svrukScreen.swift; sourceTree = "<group>"; };
		198597502A43110B00100244 /* jimlezhaScreen.swift */ = {isa = PBXFileReference; lastKnownFileType = sourcecode.swift; path = jimlezhaScreen.swift; sourceTree = "<group>"; };
		19AE6DC72A4461FC00D027D6 /* arnoldScreen.swift */ = {isa = PBXFileReference; lastKnownFileType = sourcecode.swift; path = arnoldScreen.swift; sourceTree = "<group>"; };
		19AE6DC92A44665800D027D6 /* mahiScreen.swift */ = {isa = PBXFileReference; lastKnownFileType = sourcecode.swift; path = mahiScreen.swift; sourceTree = "<group>"; };
		19AE6DCB2A447A9D00D027D6 /* tyagashScreen.swift */ = {isa = PBXFileReference; lastKnownFileType = sourcecode.swift; path = tyagashScreen.swift; sourceTree = "<group>"; };
		19AE6DCD2A447ECA00D027D6 /* otvrukScreen.swift */ = {isa = PBXFileReference; lastKnownFileType = sourcecode.swift; path = otvrukScreen.swift; sourceTree = "<group>"; };
		19AE6DD02A44813500D027D6 /* BackScreen.swift */ = {isa = PBXFileReference; lastKnownFileType = sourcecode.swift; path = BackScreen.swift; sourceTree = "<group>"; };
		19AE6DD22A4483A400D027D6 /* PodtyagivanieScreen.swift */ = {isa = PBXFileReference; lastKnownFileType = sourcecode.swift; path = PodtyagivanieScreen.swift; sourceTree = "<group>"; };
		19AE6DD42A4485B400D027D6 /* PulspinScreen.swift */ = {isa = PBXFileReference; lastKnownFileType = sourcecode.swift; path = PulspinScreen.swift; sourceTree = "<group>"; };
		19AE6DD62A448C3800D027D6 /* TyagaSpinScreen.swift */ = {isa = PBXFileReference; lastKnownFileType = sourcecode.swift; path = TyagaSpinScreen.swift; sourceTree = "<group>"; };
		19AE6DD82A44969600D027D6 /* shragiScreen.swift */ = {isa = PBXFileReference; lastKnownFileType = sourcecode.swift; path = shragiScreen.swift; sourceTree = "<group>"; };
		19AE6DDA2A452A2600D027D6 /* tyagaHighBlockScreen.swift */ = {isa = PBXFileReference; lastKnownFileType = sourcecode.swift; path = tyagaHighBlockScreen.swift; sourceTree = "<group>"; };
		19AE6DDF2A45319E00D027D6 /* BicepsScreen.swift */ = {isa = PBXFileReference; lastKnownFileType = sourcecode.swift; path = BicepsScreen.swift; sourceTree = "<group>"; };
		19AE6DE12A4532D200D027D6 /* ZottmanScreen.swift */ = {isa = PBXFileReference; lastKnownFileType = sourcecode.swift; path = ZottmanScreen.swift; sourceTree = "<group>"; };
		19AE6DE32A45372B00D027D6 /* MolotScreen.swift */ = {isa = PBXFileReference; lastKnownFileType = sourcecode.swift; path = MolotScreen.swift; sourceTree = "<group>"; };
		19AE6DE52A45399E00D027D6 /* SgipshScreen.swift */ = {isa = PBXFileReference; lastKnownFileType = sourcecode.swift; path = SgipshScreen.swift; sourceTree = "<group>"; };
		19AE6DE72A453BF400D027D6 /* SgipBlockScreen.swift */ = {isa = PBXFileReference; lastKnownFileType = sourcecode.swift; path = SgipBlockScreen.swift; sourceTree = "<group>"; };
		19AE6DE92A453EFC00D027D6 /* SgipSidyaScreen.swift */ = {isa = PBXFileReference; lastKnownFileType = sourcecode.swift; path = SgipSidyaScreen.swift; sourceTree = "<group>"; };
		19D383472A5A8DF600162925 /* ChallengesPage.swift */ = {isa = PBXFileReference; lastKnownFileType = sourcecode.swift; path = ChallengesPage.swift; sourceTree = "<group>"; };
		19E5F9902A434C9200294996 /* jimganScreen.swift */ = {isa = PBXFileReference; lastKnownFileType = sourcecode.swift; path = jimganScreen.swift; sourceTree = "<group>"; };
		19FBD3CE2A41AE6A00A17A96 /* ChestScreen.swift */ = {isa = PBXFileReference; lastKnownFileType = sourcecode.swift; path = ChestScreen.swift; sourceTree = "<group>"; };
		19FBD3D02A41CE8200A17A96 /* SwendScreen.swift */ = {isa = PBXFileReference; lastKnownFileType = sourcecode.swift; path = SwendScreen.swift; sourceTree = "<group>"; };
		19FBD3D22A41D93400A17A96 /* HammScreen.swift */ = {isa = PBXFileReference; lastKnownFileType = sourcecode.swift; path = HammScreen.swift; sourceTree = "<group>"; };
/* End PBXFileReference section */

/* Begin PBXFrameworksBuildPhase section */
		194FBC762A319626007F3FF3 /* Frameworks */ = {
			isa = PBXFrameworksBuildPhase;
			buildActionMask = 2147483647;
			files = (
				190D14D72A4C334500B5EC09 /* SwiftUICharts in Frameworks */,
				192D84682A49713A009B2101 /* Alamofire in Frameworks */,
			);
			runOnlyForDeploymentPostprocessing = 0;
		};
		194FBC862A319628007F3FF3 /* Frameworks */ = {
			isa = PBXFrameworksBuildPhase;
			buildActionMask = 2147483647;
			files = (
			);
			runOnlyForDeploymentPostprocessing = 0;
		};
		194FBC902A319628007F3FF3 /* Frameworks */ = {
			isa = PBXFrameworksBuildPhase;
			buildActionMask = 2147483647;
			files = (
			);
			runOnlyForDeploymentPostprocessing = 0;
		};
/* End PBXFrameworksBuildPhase section */

/* Begin PBXGroup section */
		1900D4422A432A15009EF595 /* ShouledScreenFile */ = {
			isa = PBXGroup;
			children = (
				1900D4432A432B5B009EF595 /* ShoulderScreen.swift */,
				197B02BA2A5ECE1F00524BB2 /* mahiVpered.swift */,
				19185E8B2A5EA44500AD72F4 /* armZhim.swift */,
				19AE6DCD2A447ECA00D027D6 /* otvrukScreen.swift */,
				19AE6DCB2A447A9D00D027D6 /* tyagashScreen.swift */,
				19AE6DC92A44665800D027D6 /* mahiScreen.swift */,
				19AE6DC72A4461FC00D027D6 /* arnoldScreen.swift */,
				19E5F9902A434C9200294996 /* jimganScreen.swift */,
			);
			path = ShouledScreenFile;
			sourceTree = "<group>";
		};
		1913A2172A5F8F1D0092F12A /* TritsScreenFile */ = {
			isa = PBXGroup;
			children = (
				1913A2182A5F8F360092F12A /* TritsScreen.swift */,
				1913A2262A5FA59B0092F12A /* IzzaheadGan.swift */,
				1913A2242A5FA2AD0092F12A /* ObrPush.swift */,
				1913A2222A5F9F6C0092F12A /* RazgipvN.swift */,
				1913A2202A5F9C750092F12A /* IzzaHead.swift */,
				1913A21E2A5F96450092F12A /* RazgipBlok.swift */,
				1913A21C2A5F93510092F12A /* franceZhimGrif.swift */,
				1913A21A2A5F90C70092F12A /* francezhimgan.swift */,
			);
			path = TritsScreenFile;
			sourceTree = "<group>";
		};
		192D84532A459A4F009B2101 /* LegsScreenFile */ = {
			isa = PBXGroup;
			children = (
				192D84542A459A6A009B2101 /* LegsScreen.swift */,
				197B02C42A5EE0B800524BB2 /* SmithPrised.swift */,
				197B02C22A5EDEE000524BB2 /* Jeff.swift */,
				192D845E2A45B34D009B2101 /* noskiExample.swift */,
				192D845C2A45ACEA009B2101 /* VypadyvpScreen.swift */,
				192D845A2A45A594009B2101 /* SvednogScreen.swift */,
				192D84582A459F38009B2101 /* jimSmitaScreen.swift */,
				192D84562A459CFA009B2101 /* JimnogScreen.swift */,
			);
			path = LegsScreenFile;
			sourceTree = "<group>";
		};
		193A35FA2A6A40CF004AE250 /* Frameworks */ = {
			isa = PBXGroup;
			children = (
			);
			name = Frameworks;
			sourceTree = "<group>";
		};
		194FBC702A319626007F3FF3 = {
			isa = PBXGroup;
			children = (
				194FBC7B2A319626007F3FF3 /* AIFit */,
				194FBC8C2A319628007F3FF3 /* AIFitTests */,
				194FBC962A319628007F3FF3 /* AIFitUITests */,
				194FBC7A2A319626007F3FF3 /* Products */,
				193A35FA2A6A40CF004AE250 /* Frameworks */,
			);
			sourceTree = "<group>";
		};
		194FBC7A2A319626007F3FF3 /* Products */ = {
			isa = PBXGroup;
			children = (
				194FBC792A319626007F3FF3 /* AIFit.app */,
				194FBC892A319628007F3FF3 /* AIFitTests.xctest */,
				194FBC932A319628007F3FF3 /* AIFitUITests.xctest */,
			);
			name = Products;
			sourceTree = "<group>";
		};
		194FBC7B2A319626007F3FF3 /* AIFit */ = {
			isa = PBXGroup;
			children = (
				194FBC7C2A319626007F3FF3 /* AIFitApp.swift */,
				194FBC7E2A319626007F3FF3 /* ContentView.swift */,
				19637CE82A70A93900A18927 /* ToDo */,
				1956121C2A6809C8008DA8D1 /* Notification */,
				194FBCAF2A32D74A007F3FF3 /* ChatScreenFile */,
				194FBCAE2A32D569007F3FF3 /* GuideScreenFile */,
				194FBCB02A32D76A007F3FF3 /* MainPageFile */,
				194FBC802A319628007F3FF3 /* Assets.xcassets */,
				194FBC822A319628007F3FF3 /* Preview Content */,
			);
			path = AIFit;
			sourceTree = "<group>";
		};
		194FBC822A319628007F3FF3 /* Preview Content */ = {
			isa = PBXGroup;
			children = (
				194FBC832A319628007F3FF3 /* Preview Assets.xcassets */,
			);
			path = "Preview Content";
			sourceTree = "<group>";
		};
		194FBC8C2A319628007F3FF3 /* AIFitTests */ = {
			isa = PBXGroup;
			children = (
				194FBC8D2A319628007F3FF3 /* AIFitTests.swift */,
			);
			path = AIFitTests;
			sourceTree = "<group>";
		};
		194FBC962A319628007F3FF3 /* AIFitUITests */ = {
			isa = PBXGroup;
			children = (
				194FBC972A319628007F3FF3 /* AIFitUITests.swift */,
				194FBC992A319628007F3FF3 /* AIFitUITestsLaunchTests.swift */,
			);
			path = AIFitUITests;
			sourceTree = "<group>";
		};
		194FBCAE2A32D569007F3FF3 /* GuideScreenFile */ = {
			isa = PBXGroup;
			children = (
				1913A2172A5F8F1D0092F12A /* TritsScreenFile */,
				192D84532A459A4F009B2101 /* LegsScreenFile */,
				19AE6DDC2A45311D00D027D6 /* BicepsScreenFile */,
				19AE6DCF2A44811D00D027D6 /* BackScreenFile */,
				1900D4422A432A15009EF595 /* ShouledScreenFile */,
				19FBD3CD2A41AE1300A17A96 /* ChestScreenFile */,
				194FBCB22A32D7F1007F3FF3 /* ExercisesScreen.swift */,
			);
			path = GuideScreenFile;
			sourceTree = "<group>";
		};
		194FBCAF2A32D74A007F3FF3 /* ChatScreenFile */ = {
			isa = PBXGroup;
			children = (
				194FBCAA2A31BA3A007F3FF3 /* ChatScreen.swift */,
				195858712A5C302E00A10E4D /* Message.swift */,
				195858732A5C324400A10E4D /* MessageView.swift */,
				195858752A5C325200A10E4D /* User.swift */,
				195858772A5C327900A10E4D /* ContentMessageView.swift */,
				195858792A5C329500A10E4D /* ViewExtension.swift */,
				1958587B2A5C32C700A10E4D /* KeyboardResponder.swift */,
				1958587D2A5C32DA00A10E4D /* ChatHelper.swift */,
				1958586F2A5C2D2200A10E4D /* ResizableTextView.swift */,
			);
			path = ChatScreenFile;
			sourceTree = "<group>";
		};
		194FBCB02A32D76A007F3FF3 /* MainPageFile */ = {
			isa = PBXGroup;
			children = (
				194FBCA62A319DA5007F3FF3 /* MainPage.swift */,
				19D383472A5A8DF600162925 /* ChallengesPage.swift */,
			);
			path = MainPageFile;
			sourceTree = "<group>";
		};
		1956121C2A6809C8008DA8D1 /* Notification */ = {
			isa = PBXGroup;
			children = (
				1956121D2A6809E2008DA8D1 /* NotificationHandler.swift */,
			);
			path = Notification;
			sourceTree = "<group>";
		};
		19637CE82A70A93900A18927 /* ToDo */ = {
			isa = PBXGroup;
			children = (
				19637CEC2A70A9EE00A18927 /* CoreDataManager */,
				19637CE92A70A95800A18927 /* SimpleToDoModel.xcdatamodeld */,
			);
			path = ToDo;
			sourceTree = "<group>";
		};
		19637CEC2A70A9EE00A18927 /* CoreDataManager */ = {
			isa = PBXGroup;
			children = (
				19637CED2A70AA1800A18927 /* CoreDataManager.swift */,
				19637CEF2A70AB2500A18927 /* SimpleToDoView.swift */,
			);
			path = CoreDataManager;
			sourceTree = "<group>";
		};
		19AE6DCF2A44811D00D027D6 /* BackScreenFile */ = {
			isa = PBXGroup;
			children = (
				19AE6DD02A44813500D027D6 /* BackScreen.swift */,
				197B02BC2A5ED0FD00524BB2 /* shragaZad.swift */,
				19185E8D2A5EA99700AD72F4 /* tyagagan.swift */,
				19AE6DDA2A452A2600D027D6 /* tyagaHighBlockScreen.swift */,
				19AE6DD82A44969600D027D6 /* shragiScreen.swift */,
				19AE6DD62A448C3800D027D6 /* TyagaSpinScreen.swift */,
				19AE6DD42A4485B400D027D6 /* PulspinScreen.swift */,
				19AE6DD22A4483A400D027D6 /* PodtyagivanieScreen.swift */,
			);
			path = BackScreenFile;
			sourceTree = "<group>";
		};
		19AE6DDC2A45311D00D027D6 /* BicepsScreenFile */ = {
			isa = PBXGroup;
			children = (
				19AE6DDF2A45319E00D027D6 /* BicepsScreen.swift */,
				197B02C02A5ED91100524BB2 /* sgipSkot.swift */,
				197B02BE2A5ED51400524BB2 /* sgipBlok.swift */,
				19AE6DE92A453EFC00D027D6 /* SgipSidyaScreen.swift */,
				19AE6DE72A453BF400D027D6 /* SgipBlockScreen.swift */,
				19AE6DE52A45399E00D027D6 /* SgipshScreen.swift */,
				19AE6DE32A45372B00D027D6 /* MolotScreen.swift */,
				19AE6DE12A4532D200D027D6 /* ZottmanScreen.swift */,
			);
			path = BicepsScreenFile;
			sourceTree = "<group>";
		};
		19FBD3CD2A41AE1300A17A96 /* ChestScreenFile */ = {
			isa = PBXGroup;
			children = (
				19FBD3CE2A41AE6A00A17A96 /* ChestScreen.swift */,
				19185E892A5E9FED00AD72F4 /* shimSkam.swift */,
				19185E872A5E9BE200AD72F4 /* brusia.swift */,
				1900D43E2A431D38009EF595 /* pushupScreen.swift */,
				198597502A43110B00100244 /* jimlezhaScreen.swift */,
				19FBD3D22A41D93400A17A96 /* HammScreen.swift */,
				19FBD3D02A41CE8200A17A96 /* SwendScreen.swift */,
				1985974E2A43019600100244 /* svrukScreen.swift */,
			);
			path = ChestScreenFile;
			sourceTree = "<group>";
		};
/* End PBXGroup section */

/* Begin PBXNativeTarget section */
		194FBC782A319626007F3FF3 /* AIFit */ = {
			isa = PBXNativeTarget;
			buildConfigurationList = 194FBC9D2A319628007F3FF3 /* Build configuration list for PBXNativeTarget "AIFit" */;
			buildPhases = (
				194FBC752A319626007F3FF3 /* Sources */,
				194FBC762A319626007F3FF3 /* Frameworks */,
				194FBC772A319626007F3FF3 /* Resources */,
			);
			buildRules = (
			);
			dependencies = (
			);
			name = AIFit;
			packageProductDependencies = (
				192D84672A49713A009B2101 /* Alamofire */,
				190D14D62A4C334500B5EC09 /* SwiftUICharts */,
			);
			productName = AIFit;
			productReference = 194FBC792A319626007F3FF3 /* AIFit.app */;
			productType = "com.apple.product-type.application";
		};
		194FBC882A319628007F3FF3 /* AIFitTests */ = {
			isa = PBXNativeTarget;
			buildConfigurationList = 194FBCA02A319628007F3FF3 /* Build configuration list for PBXNativeTarget "AIFitTests" */;
			buildPhases = (
				194FBC852A319628007F3FF3 /* Sources */,
				194FBC862A319628007F3FF3 /* Frameworks */,
				194FBC872A319628007F3FF3 /* Resources */,
			);
			buildRules = (
			);
			dependencies = (
				194FBC8B2A319628007F3FF3 /* PBXTargetDependency */,
			);
			name = AIFitTests;
			productName = AIFitTests;
			productReference = 194FBC892A319628007F3FF3 /* AIFitTests.xctest */;
			productType = "com.apple.product-type.bundle.unit-test";
		};
		194FBC922A319628007F3FF3 /* AIFitUITests */ = {
			isa = PBXNativeTarget;
			buildConfigurationList = 194FBCA32A319628007F3FF3 /* Build configuration list for PBXNativeTarget "AIFitUITests" */;
			buildPhases = (
				194FBC8F2A319628007F3FF3 /* Sources */,
				194FBC902A319628007F3FF3 /* Frameworks */,
				194FBC912A319628007F3FF3 /* Resources */,
			);
			buildRules = (
			);
			dependencies = (
				194FBC952A319628007F3FF3 /* PBXTargetDependency */,
			);
			name = AIFitUITests;
			productName = AIFitUITests;
			productReference = 194FBC932A319628007F3FF3 /* AIFitUITests.xctest */;
			productType = "com.apple.product-type.bundle.ui-testing";
		};
/* End PBXNativeTarget section */

/* Begin PBXProject section */
		194FBC712A319626007F3FF3 /* Project object */ = {
			isa = PBXProject;
			attributes = {
				BuildIndependentTargetsInParallel = 1;
				LastSwiftUpdateCheck = 1430;
				LastUpgradeCheck = 1430;
				TargetAttributes = {
					194FBC782A319626007F3FF3 = {
						CreatedOnToolsVersion = 14.3.1;
					};
					194FBC882A319628007F3FF3 = {
						CreatedOnToolsVersion = 14.3.1;
						TestTargetID = 194FBC782A319626007F3FF3;
					};
					194FBC922A319628007F3FF3 = {
						CreatedOnToolsVersion = 14.3.1;
						TestTargetID = 194FBC782A319626007F3FF3;
					};
				};
			};
			buildConfigurationList = 194FBC742A319626007F3FF3 /* Build configuration list for PBXProject "AIFit" */;
			compatibilityVersion = "Xcode 14.0";
			developmentRegion = en;
			hasScannedForEncodings = 0;
			knownRegions = (
				en,
				Base,
			);
			mainGroup = 194FBC702A319626007F3FF3;
			packageReferences = (
				192D84662A49713A009B2101 /* XCRemoteSwiftPackageReference "Alamofire" */,
				190D14D52A4C334500B5EC09 /* XCRemoteSwiftPackageReference "SwiftUICharts" */,
			);
			productRefGroup = 194FBC7A2A319626007F3FF3 /* Products */;
			projectDirPath = "";
			projectRoot = "";
			targets = (
				194FBC782A319626007F3FF3 /* AIFit */,
				194FBC882A319628007F3FF3 /* AIFitTests */,
				194FBC922A319628007F3FF3 /* AIFitUITests */,
			);
		};
/* End PBXProject section */

/* Begin PBXResourcesBuildPhase section */
		194FBC772A319626007F3FF3 /* Resources */ = {
			isa = PBXResourcesBuildPhase;
			buildActionMask = 2147483647;
			files = (
				194FBC842A319628007F3FF3 /* Preview Assets.xcassets in Resources */,
				194FBC812A319628007F3FF3 /* Assets.xcassets in Resources */,
			);
			runOnlyForDeploymentPostprocessing = 0;
		};
		194FBC872A319628007F3FF3 /* Resources */ = {
			isa = PBXResourcesBuildPhase;
			buildActionMask = 2147483647;
			files = (
			);
			runOnlyForDeploymentPostprocessing = 0;
		};
		194FBC912A319628007F3FF3 /* Resources */ = {
			isa = PBXResourcesBuildPhase;
			buildActionMask = 2147483647;
			files = (
			);
			runOnlyForDeploymentPostprocessing = 0;
		};
/* End PBXResourcesBuildPhase section */

/* Begin PBXSourcesBuildPhase section */
		194FBC752A319626007F3FF3 /* Sources */ = {
			isa = PBXSourcesBuildPhase;
			buildActionMask = 2147483647;
			files = (
				19AE6DD52A4485B400D027D6 /* PulspinScreen.swift in Sources */,
				19AE6DE62A45399E00D027D6 /* SgipshScreen.swift in Sources */,
				197B02BD2A5ED0FD00524BB2 /* shragaZad.swift in Sources */,
				1958587A2A5C329600A10E4D /* ViewExtension.swift in Sources */,
				19AE6DC82A4461FC00D027D6 /* arnoldScreen.swift in Sources */,
				195858742A5C324400A10E4D /* MessageView.swift in Sources */,
				19AE6DE42A45372B00D027D6 /* MolotScreen.swift in Sources */,
				19185E8A2A5E9FED00AD72F4 /* shimSkam.swift in Sources */,
				194FBCAB2A31BA3A007F3FF3 /* ChatScreen.swift in Sources */,
				19AE6DE02A45319F00D027D6 /* BicepsScreen.swift in Sources */,
				19E5F9912A434C9200294996 /* jimganScreen.swift in Sources */,
				1956121E2A6809E2008DA8D1 /* NotificationHandler.swift in Sources */,
				19FBD3CF2A41AE6A00A17A96 /* ChestScreen.swift in Sources */,
				1913A21B2A5F90C70092F12A /* francezhimgan.swift in Sources */,
				197B02C12A5ED91100524BB2 /* sgipSkot.swift in Sources */,
				1913A2212A5F9C750092F12A /* IzzaHead.swift in Sources */,
				19AE6DD32A4483A400D027D6 /* PodtyagivanieScreen.swift in Sources */,
				195858782A5C327900A10E4D /* ContentMessageView.swift in Sources */,
				19FBD3D12A41CE8200A17A96 /* SwendScreen.swift in Sources */,
				19AE6DCC2A447A9D00D027D6 /* tyagashScreen.swift in Sources */,
				19AE6DE82A453BF400D027D6 /* SgipBlockScreen.swift in Sources */,
				197B02BB2A5ECE1F00524BB2 /* mahiVpered.swift in Sources */,
				19AE6DD72A448C3800D027D6 /* TyagaSpinScreen.swift in Sources */,
				19185E8E2A5EA99700AD72F4 /* tyagagan.swift in Sources */,
				192D84592A459F38009B2101 /* jimSmitaScreen.swift in Sources */,
				1913A2232A5F9F6C0092F12A /* RazgipvN.swift in Sources */,
				19AE6DD92A44969600D027D6 /* shragiScreen.swift in Sources */,
				197B02C32A5EDEE000524BB2 /* Jeff.swift in Sources */,
				1900D4442A432B5B009EF595 /* ShoulderScreen.swift in Sources */,
				19637CEB2A70A95800A18927 /* SimpleToDoModel.xcdatamodeld in Sources */,
				19AE6DE22A4532D200D027D6 /* ZottmanScreen.swift in Sources */,
				195858762A5C325200A10E4D /* User.swift in Sources */,
				1958587C2A5C32C700A10E4D /* KeyboardResponder.swift in Sources */,
				192D845B2A45A594009B2101 /* SvednogScreen.swift in Sources */,
				198597512A43110B00100244 /* jimlezhaScreen.swift in Sources */,
				197B02BF2A5ED51500524BB2 /* sgipBlok.swift in Sources */,
				192D845F2A45B34D009B2101 /* noskiExample.swift in Sources */,
				1913A2192A5F8F360092F12A /* TritsScreen.swift in Sources */,
				194FBC7F2A319626007F3FF3 /* ContentView.swift in Sources */,
				192D845D2A45ACEA009B2101 /* VypadyvpScreen.swift in Sources */,
				19637CF02A70AB2500A18927 /* SimpleToDoView.swift in Sources */,
				194FBCB32A32D7F2007F3FF3 /* ExercisesScreen.swift in Sources */,
				19AE6DCA2A44665800D027D6 /* mahiScreen.swift in Sources */,
				19185E8C2A5EA44500AD72F4 /* armZhim.swift in Sources */,
				192D84552A459A6A009B2101 /* LegsScreen.swift in Sources */,
				19AE6DDB2A452A2600D027D6 /* tyagaHighBlockScreen.swift in Sources */,
				1958587E2A5C32DA00A10E4D /* ChatHelper.swift in Sources */,
				19AE6DCE2A447ECA00D027D6 /* otvrukScreen.swift in Sources */,
				1900D43F2A431D38009EF595 /* pushupScreen.swift in Sources */,
				194FBC7D2A319626007F3FF3 /* AIFitApp.swift in Sources */,
				19185E882A5E9BE200AD72F4 /* brusia.swift in Sources */,
				1913A2272A5FA59B0092F12A /* IzzaheadGan.swift in Sources */,
				1913A2252A5FA2AD0092F12A /* ObrPush.swift in Sources */,
				1913A21F2A5F96450092F12A /* RazgipBlok.swift in Sources */,
				19637CEE2A70AA1800A18927 /* CoreDataManager.swift in Sources */,
				19FBD3D32A41D93400A17A96 /* HammScreen.swift in Sources */,
				19D383482A5A8DF700162925 /* ChallengesPage.swift in Sources */,
				197B02C52A5EE0B800524BB2 /* SmithPrised.swift in Sources */,
				194FBCA72A319DA5007F3FF3 /* MainPage.swift in Sources */,
				19AE6DEA2A453EFC00D027D6 /* SgipSidyaScreen.swift in Sources */,
				19AE6DD12A44813500D027D6 /* BackScreen.swift in Sources */,
				1913A21D2A5F93510092F12A /* franceZhimGrif.swift in Sources */,
				192D84572A459CFA009B2101 /* JimnogScreen.swift in Sources */,
				195858722A5C302E00A10E4D /* Message.swift in Sources */,
				1985974F2A43019600100244 /* svrukScreen.swift in Sources */,
				195858702A5C2D2200A10E4D /* ResizableTextView.swift in Sources */,
			);
			runOnlyForDeploymentPostprocessing = 0;
		};
		194FBC852A319628007F3FF3 /* Sources */ = {
			isa = PBXSourcesBuildPhase;
			buildActionMask = 2147483647;
			files = (
				194FBC8E2A319628007F3FF3 /* AIFitTests.swift in Sources */,
			);
			runOnlyForDeploymentPostprocessing = 0;
		};
		194FBC8F2A319628007F3FF3 /* Sources */ = {
			isa = PBXSourcesBuildPhase;
			buildActionMask = 2147483647;
			files = (
				194FBC9A2A319628007F3FF3 /* AIFitUITestsLaunchTests.swift in Sources */,
				194FBC982A319628007F3FF3 /* AIFitUITests.swift in Sources */,
			);
			runOnlyForDeploymentPostprocessing = 0;
		};
/* End PBXSourcesBuildPhase section */

/* Begin PBXTargetDependency section */
		194FBC8B2A319628007F3FF3 /* PBXTargetDependency */ = {
			isa = PBXTargetDependency;
			target = 194FBC782A319626007F3FF3 /* AIFit */;
			targetProxy = 194FBC8A2A319628007F3FF3 /* PBXContainerItemProxy */;
		};
		194FBC952A319628007F3FF3 /* PBXTargetDependency */ = {
			isa = PBXTargetDependency;
			target = 194FBC782A319626007F3FF3 /* AIFit */;
			targetProxy = 194FBC942A319628007F3FF3 /* PBXContainerItemProxy */;
		};
/* End PBXTargetDependency section */

/* Begin XCBuildConfiguration section */
		194FBC9B2A319628007F3FF3 /* Debug */ = {
			isa = XCBuildConfiguration;
			buildSettings = {
				ALWAYS_SEARCH_USER_PATHS = NO;
				CLANG_ANALYZER_NONNULL = YES;
				CLANG_ANALYZER_NUMBER_OBJECT_CONVERSION = YES_AGGRESSIVE;
				CLANG_CXX_LANGUAGE_STANDARD = "gnu++20";
				CLANG_ENABLE_MODULES = YES;
				CLANG_ENABLE_OBJC_ARC = YES;
				CLANG_ENABLE_OBJC_WEAK = YES;
				CLANG_WARN_BLOCK_CAPTURE_AUTORELEASING = YES;
				CLANG_WARN_BOOL_CONVERSION = YES;
				CLANG_WARN_COMMA = YES;
				CLANG_WARN_CONSTANT_CONVERSION = YES;
				CLANG_WARN_DEPRECATED_OBJC_IMPLEMENTATIONS = YES;
				CLANG_WARN_DIRECT_OBJC_ISA_USAGE = YES_ERROR;
				CLANG_WARN_DOCUMENTATION_COMMENTS = YES;
				CLANG_WARN_EMPTY_BODY = YES;
				CLANG_WARN_ENUM_CONVERSION = YES;
				CLANG_WARN_INFINITE_RECURSION = YES;
				CLANG_WARN_INT_CONVERSION = YES;
				CLANG_WARN_NON_LITERAL_NULL_CONVERSION = YES;
				CLANG_WARN_OBJC_IMPLICIT_RETAIN_SELF = YES;
				CLANG_WARN_OBJC_LITERAL_CONVERSION = YES;
				CLANG_WARN_OBJC_ROOT_CLASS = YES_ERROR;
				CLANG_WARN_QUOTED_INCLUDE_IN_FRAMEWORK_HEADER = YES;
				CLANG_WARN_RANGE_LOOP_ANALYSIS = YES;
				CLANG_WARN_STRICT_PROTOTYPES = YES;
				CLANG_WARN_SUSPICIOUS_MOVE = YES;
				CLANG_WARN_UNGUARDED_AVAILABILITY = YES_AGGRESSIVE;
				CLANG_WARN_UNREACHABLE_CODE = YES;
				CLANG_WARN__DUPLICATE_METHOD_MATCH = YES;
				COPY_PHASE_STRIP = NO;
				DEBUG_INFORMATION_FORMAT = dwarf;
				ENABLE_STRICT_OBJC_MSGSEND = YES;
				ENABLE_TESTABILITY = YES;
				GCC_C_LANGUAGE_STANDARD = gnu11;
				GCC_DYNAMIC_NO_PIC = NO;
				GCC_NO_COMMON_BLOCKS = YES;
				GCC_OPTIMIZATION_LEVEL = 0;
				GCC_PREPROCESSOR_DEFINITIONS = (
					"DEBUG=1",
					"$(inherited)",
				);
				GCC_WARN_64_TO_32_BIT_CONVERSION = YES;
				GCC_WARN_ABOUT_RETURN_TYPE = YES_ERROR;
				GCC_WARN_UNDECLARED_SELECTOR = YES;
				GCC_WARN_UNINITIALIZED_AUTOS = YES_AGGRESSIVE;
				GCC_WARN_UNUSED_FUNCTION = YES;
				GCC_WARN_UNUSED_VARIABLE = YES;
				IPHONEOS_DEPLOYMENT_TARGET = 16.0;
				MTL_ENABLE_DEBUG_INFO = INCLUDE_SOURCE;
				MTL_FAST_MATH = YES;
				ONLY_ACTIVE_ARCH = YES;
				SDKROOT = iphoneos;
				SWIFT_ACTIVE_COMPILATION_CONDITIONS = DEBUG;
				SWIFT_OPTIMIZATION_LEVEL = "-Onone";
			};
			name = Debug;
		};
		194FBC9C2A319628007F3FF3 /* Release */ = {
			isa = XCBuildConfiguration;
			buildSettings = {
				ALWAYS_SEARCH_USER_PATHS = NO;
				CLANG_ANALYZER_NONNULL = YES;
				CLANG_ANALYZER_NUMBER_OBJECT_CONVERSION = YES_AGGRESSIVE;
				CLANG_CXX_LANGUAGE_STANDARD = "gnu++20";
				CLANG_ENABLE_MODULES = YES;
				CLANG_ENABLE_OBJC_ARC = YES;
				CLANG_ENABLE_OBJC_WEAK = YES;
				CLANG_WARN_BLOCK_CAPTURE_AUTORELEASING = YES;
				CLANG_WARN_BOOL_CONVERSION = YES;
				CLANG_WARN_COMMA = YES;
				CLANG_WARN_CONSTANT_CONVERSION = YES;
				CLANG_WARN_DEPRECATED_OBJC_IMPLEMENTATIONS = YES;
				CLANG_WARN_DIRECT_OBJC_ISA_USAGE = YES_ERROR;
				CLANG_WARN_DOCUMENTATION_COMMENTS = YES;
				CLANG_WARN_EMPTY_BODY = YES;
				CLANG_WARN_ENUM_CONVERSION = YES;
				CLANG_WARN_INFINITE_RECURSION = YES;
				CLANG_WARN_INT_CONVERSION = YES;
				CLANG_WARN_NON_LITERAL_NULL_CONVERSION = YES;
				CLANG_WARN_OBJC_IMPLICIT_RETAIN_SELF = YES;
				CLANG_WARN_OBJC_LITERAL_CONVERSION = YES;
				CLANG_WARN_OBJC_ROOT_CLASS = YES_ERROR;
				CLANG_WARN_QUOTED_INCLUDE_IN_FRAMEWORK_HEADER = YES;
				CLANG_WARN_RANGE_LOOP_ANALYSIS = YES;
				CLANG_WARN_STRICT_PROTOTYPES = YES;
				CLANG_WARN_SUSPICIOUS_MOVE = YES;
				CLANG_WARN_UNGUARDED_AVAILABILITY = YES_AGGRESSIVE;
				CLANG_WARN_UNREACHABLE_CODE = YES;
				CLANG_WARN__DUPLICATE_METHOD_MATCH = YES;
				COPY_PHASE_STRIP = NO;
				DEBUG_INFORMATION_FORMAT = "dwarf-with-dsym";
				ENABLE_NS_ASSERTIONS = NO;
				ENABLE_STRICT_OBJC_MSGSEND = YES;
				GCC_C_LANGUAGE_STANDARD = gnu11;
				GCC_NO_COMMON_BLOCKS = YES;
				GCC_WARN_64_TO_32_BIT_CONVERSION = YES;
				GCC_WARN_ABOUT_RETURN_TYPE = YES_ERROR;
				GCC_WARN_UNDECLARED_SELECTOR = YES;
				GCC_WARN_UNINITIALIZED_AUTOS = YES_AGGRESSIVE;
				GCC_WARN_UNUSED_FUNCTION = YES;
				GCC_WARN_UNUSED_VARIABLE = YES;
				IPHONEOS_DEPLOYMENT_TARGET = 16.0;
				MTL_ENABLE_DEBUG_INFO = NO;
				MTL_FAST_MATH = YES;
				SDKROOT = iphoneos;
				SWIFT_COMPILATION_MODE = wholemodule;
				SWIFT_OPTIMIZATION_LEVEL = "-O";
				VALIDATE_PRODUCT = YES;
			};
			name = Release;
		};
		194FBC9E2A319628007F3FF3 /* Debug */ = {
			isa = XCBuildConfiguration;
			buildSettings = {
				ASSETCATALOG_COMPILER_APPICON_NAME = AppIcon;
				ASSETCATALOG_COMPILER_GLOBAL_ACCENT_COLOR_NAME = AccentColor;
				CODE_SIGN_ENTITLEMENTS = AIFit/AIFit.entitlements;
				CODE_SIGN_IDENTITY = "Apple Development";
				"CODE_SIGN_IDENTITY[sdk=iphoneos*]" = "iPhone Distribution";
				CODE_SIGN_STYLE = Manual;
				CURRENT_PROJECT_VERSION = 1;
				DEVELOPMENT_ASSET_PATHS = "\"AIFit/Preview Content\"";
				DEVELOPMENT_TEAM = "";
				"DEVELOPMENT_TEAM[sdk=iphoneos*]" = Q6C24TAU3W;
				ENABLE_PREVIEWS = YES;
				GENERATE_INFOPLIST_FILE = YES;
				INFOPLIST_FILE = AIFit/Info.plist;
				INFOPLIST_KEY_UIApplicationSceneManifest_Generation = YES;
				INFOPLIST_KEY_UIApplicationSupportsIndirectInputEvents = YES;
				INFOPLIST_KEY_UILaunchScreen_Generation = YES;
				INFOPLIST_KEY_UISupportedInterfaceOrientations = UIInterfaceOrientationPortrait;
				INFOPLIST_KEY_UISupportedInterfaceOrientations_iPad = "UIInterfaceOrientationLandscapeLeft UIInterfaceOrientationLandscapeRight UIInterfaceOrientationPortrait UIInterfaceOrientationPortraitUpsideDown";
				IPHONEOS_DEPLOYMENT_TARGET = 16.0;
				LD_RUNPATH_SEARCH_PATHS = (
					"$(inherited)",
					"@executable_path/Frameworks",
				);
				MARKETING_VERSION = 1.1;
				PRODUCT_BUNDLE_IDENTIFIER = com.nfactorial2023.AIFit;
				PRODUCT_NAME = "$(TARGET_NAME)";
				PROVISIONING_PROFILE_SPECIFIER = "";
				"PROVISIONING_PROFILE_SPECIFIER[sdk=iphoneos*]" = "AIFit App Store Distribution";
				SUPPORTED_PLATFORMS = "iphoneos iphonesimulator";
				SUPPORTS_MACCATALYST = NO;
				SUPPORTS_MAC_DESIGNED_FOR_IPHONE_IPAD = NO;
				SWIFT_EMIT_LOC_STRINGS = YES;
				SWIFT_VERSION = 5.0;
				TARGETED_DEVICE_FAMILY = 1;
			};
			name = Debug;
		};
		194FBC9F2A319628007F3FF3 /* Release */ = {
			isa = XCBuildConfiguration;
			buildSettings = {
				ASSETCATALOG_COMPILER_APPICON_NAME = AppIcon;
				ASSETCATALOG_COMPILER_GLOBAL_ACCENT_COLOR_NAME = AccentColor;
				CODE_SIGN_ENTITLEMENTS = AIFit/AIFit.entitlements;
				CODE_SIGN_IDENTITY = "Apple Development";
				"CODE_SIGN_IDENTITY[sdk=iphoneos*]" = "iPhone Distribution";
				CODE_SIGN_STYLE = Manual;
				CURRENT_PROJECT_VERSION = 1;
				DEVELOPMENT_ASSET_PATHS = "\"AIFit/Preview Content\"";
				DEVELOPMENT_TEAM = "";
				"DEVELOPMENT_TEAM[sdk=iphoneos*]" = Q6C24TAU3W;
				ENABLE_PREVIEWS = YES;
				GENERATE_INFOPLIST_FILE = YES;
				INFOPLIST_FILE = AIFit/Info.plist;
				INFOPLIST_KEY_UIApplicationSceneManifest_Generation = YES;
				INFOPLIST_KEY_UIApplicationSupportsIndirectInputEvents = YES;
				INFOPLIST_KEY_UILaunchScreen_Generation = YES;
				INFOPLIST_KEY_UISupportedInterfaceOrientations = UIInterfaceOrientationPortrait;
				INFOPLIST_KEY_UISupportedInterfaceOrientations_iPad = "UIInterfaceOrientationLandscapeLeft UIInterfaceOrientationLandscapeRight UIInterfaceOrientationPortrait UIInterfaceOrientationPortraitUpsideDown";
				IPHONEOS_DEPLOYMENT_TARGET = 16.0;
				LD_RUNPATH_SEARCH_PATHS = (
					"$(inherited)",
					"@executable_path/Frameworks",
				);
				MARKETING_VERSION = 1.1;
				PRODUCT_BUNDLE_IDENTIFIER = com.nfactorial2023.AIFit;
				PRODUCT_NAME = "$(TARGET_NAME)";
				PROVISIONING_PROFILE_SPECIFIER = "";
				"PROVISIONING_PROFILE_SPECIFIER[sdk=iphoneos*]" = "AIFit App Store Distribution";
				SUPPORTED_PLATFORMS = "iphoneos iphonesimulator";
				SUPPORTS_MACCATALYST = NO;
				SUPPORTS_MAC_DESIGNED_FOR_IPHONE_IPAD = NO;
				SWIFT_EMIT_LOC_STRINGS = YES;
				SWIFT_VERSION = 5.0;
				TARGETED_DEVICE_FAMILY = 1;
			};
			name = Release;
		};
		194FBCA12A319628007F3FF3 /* Debug */ = {
			isa = XCBuildConfiguration;
			buildSettings = {
				ALWAYS_EMBED_SWIFT_STANDARD_LIBRARIES = YES;
				BUNDLE_LOADER = "$(TEST_HOST)";
				CODE_SIGN_STYLE = Automatic;
				CURRENT_PROJECT_VERSION = 1;
				GENERATE_INFOPLIST_FILE = YES;
				IPHONEOS_DEPLOYMENT_TARGET = 16.0;
				MARKETING_VERSION = 1.0;
				PRODUCT_BUNDLE_IDENTIFIER = make.AIFitTests;
				PRODUCT_NAME = "$(TARGET_NAME)";
				SWIFT_EMIT_LOC_STRINGS = NO;
				SWIFT_VERSION = 5.0;
				TARGETED_DEVICE_FAMILY = "1,2";
				TEST_HOST = "$(BUILT_PRODUCTS_DIR)/AIFit.app/$(BUNDLE_EXECUTABLE_FOLDER_PATH)/AIFit";
			};
			name = Debug;
		};
		194FBCA22A319628007F3FF3 /* Release */ = {
			isa = XCBuildConfiguration;
			buildSettings = {
				ALWAYS_EMBED_SWIFT_STANDARD_LIBRARIES = YES;
				BUNDLE_LOADER = "$(TEST_HOST)";
				CODE_SIGN_STYLE = Automatic;
				CURRENT_PROJECT_VERSION = 1;
				GENERATE_INFOPLIST_FILE = YES;
				IPHONEOS_DEPLOYMENT_TARGET = 16.0;
				MARKETING_VERSION = 1.0;
				PRODUCT_BUNDLE_IDENTIFIER = make.AIFitTests;
				PRODUCT_NAME = "$(TARGET_NAME)";
				SWIFT_EMIT_LOC_STRINGS = NO;
				SWIFT_VERSION = 5.0;
				TARGETED_DEVICE_FAMILY = "1,2";
				TEST_HOST = "$(BUILT_PRODUCTS_DIR)/AIFit.app/$(BUNDLE_EXECUTABLE_FOLDER_PATH)/AIFit";
			};
			name = Release;
		};
		194FBCA42A319628007F3FF3 /* Debug */ = {
			isa = XCBuildConfiguration;
			buildSettings = {
				ALWAYS_EMBED_SWIFT_STANDARD_LIBRARIES = YES;
				CODE_SIGN_STYLE = Automatic;
				CURRENT_PROJECT_VERSION = 1;
				GENERATE_INFOPLIST_FILE = YES;
				IPHONEOS_DEPLOYMENT_TARGET = 16.0;
				MARKETING_VERSION = 1.0;
				PRODUCT_BUNDLE_IDENTIFIER = make.AIFitUITests;
				PRODUCT_NAME = "$(TARGET_NAME)";
				SWIFT_EMIT_LOC_STRINGS = NO;
				SWIFT_VERSION = 5.0;
				TARGETED_DEVICE_FAMILY = "1,2";
				TEST_TARGET_NAME = AIFit;
			};
			name = Debug;
		};
		194FBCA52A319628007F3FF3 /* Release */ = {
			isa = XCBuildConfiguration;
			buildSettings = {
				ALWAYS_EMBED_SWIFT_STANDARD_LIBRARIES = YES;
				CODE_SIGN_STYLE = Automatic;
				CURRENT_PROJECT_VERSION = 1;
				GENERATE_INFOPLIST_FILE = YES;
				IPHONEOS_DEPLOYMENT_TARGET = 16.0;
				MARKETING_VERSION = 1.0;
				PRODUCT_BUNDLE_IDENTIFIER = make.AIFitUITests;
				PRODUCT_NAME = "$(TARGET_NAME)";
				SWIFT_EMIT_LOC_STRINGS = NO;
				SWIFT_VERSION = 5.0;
				TARGETED_DEVICE_FAMILY = "1,2";
				TEST_TARGET_NAME = AIFit;
			};
			name = Release;
		};
/* End XCBuildConfiguration section */

/* Begin XCConfigurationList section */
		194FBC742A319626007F3FF3 /* Build configuration list for PBXProject "AIFit" */ = {
			isa = XCConfigurationList;
			buildConfigurations = (
				194FBC9B2A319628007F3FF3 /* Debug */,
				194FBC9C2A319628007F3FF3 /* Release */,
			);
			defaultConfigurationIsVisible = 0;
			defaultConfigurationName = Release;
		};
		194FBC9D2A319628007F3FF3 /* Build configuration list for PBXNativeTarget "AIFit" */ = {
			isa = XCConfigurationList;
			buildConfigurations = (
				194FBC9E2A319628007F3FF3 /* Debug */,
				194FBC9F2A319628007F3FF3 /* Release */,
			);
			defaultConfigurationIsVisible = 0;
			defaultConfigurationName = Release;
		};
		194FBCA02A319628007F3FF3 /* Build configuration list for PBXNativeTarget "AIFitTests" */ = {
			isa = XCConfigurationList;
			buildConfigurations = (
				194FBCA12A319628007F3FF3 /* Debug */,
				194FBCA22A319628007F3FF3 /* Release */,
			);
			defaultConfigurationIsVisible = 0;
			defaultConfigurationName = Release;
		};
		194FBCA32A319628007F3FF3 /* Build configuration list for PBXNativeTarget "AIFitUITests" */ = {
			isa = XCConfigurationList;
			buildConfigurations = (
				194FBCA42A319628007F3FF3 /* Debug */,
				194FBCA52A319628007F3FF3 /* Release */,
			);
			defaultConfigurationIsVisible = 0;
			defaultConfigurationName = Release;
		};
/* End XCConfigurationList section */

/* Begin XCRemoteSwiftPackageReference section */
		190D14D52A4C334500B5EC09 /* XCRemoteSwiftPackageReference "SwiftUICharts" */ = {
			isa = XCRemoteSwiftPackageReference;
			repositoryURL = "https://github.com/willdale/SwiftUICharts.git";
			requirement = {
				kind = upToNextMajorVersion;
				minimumVersion = 2.0.0;
			};
		};
		192D84662A49713A009B2101 /* XCRemoteSwiftPackageReference "Alamofire" */ = {
			isa = XCRemoteSwiftPackageReference;
			repositoryURL = "https://github.com/Alamofire/Alamofire.git";
			requirement = {
				kind = upToNextMajorVersion;
				minimumVersion = 5.0.0;
			};
		};
/* End XCRemoteSwiftPackageReference section */

/* Begin XCSwiftPackageProductDependency section */
		190D14D62A4C334500B5EC09 /* SwiftUICharts */ = {
			isa = XCSwiftPackageProductDependency;
			package = 190D14D52A4C334500B5EC09 /* XCRemoteSwiftPackageReference "SwiftUICharts" */;
			productName = SwiftUICharts;
		};
		192D84672A49713A009B2101 /* Alamofire */ = {
			isa = XCSwiftPackageProductDependency;
			package = 192D84662A49713A009B2101 /* XCRemoteSwiftPackageReference "Alamofire" */;
			productName = Alamofire;
		};
/* End XCSwiftPackageProductDependency section */

/* Begin XCVersionGroup section */
		19637CE92A70A95800A18927 /* SimpleToDoModel.xcdatamodeld */ = {
			isa = XCVersionGroup;
			children = (
				19637CEA2A70A95800A18927 /* SimpleToDoModel.xcdatamodel */,
			);
			currentVersion = 19637CEA2A70A95800A18927 /* SimpleToDoModel.xcdatamodel */;
			path = SimpleToDoModel.xcdatamodeld;
			sourceTree = "<group>";
			versionGroupType = wrapper.xcdatamodel;
		};
/* End XCVersionGroup section */
	};
	rootObject = 194FBC712A319626007F3FF3 /* Project object */;
}
